// !$*UTF8*$!
{
	archiveVersion = 1;
	classes = {
	};
	objectVersion = 50;
	objects = {

/* Begin PBXBuildFile section */
		23EEDEC220FD1B5900E279D6 /* main.c in Sources */ = {isa = PBXBuildFile; fileRef = 23EEDEC120FD1B5900E279D6 /* main.c */; };
		23EEDECA20FD26DD00E279D6 /* elf.c in Sources */ = {isa = PBXBuildFile; fileRef = 23EEDEC920FD26DD00E279D6 /* elf.c */; };
		23F4042F2112771B00D1623D /* main.c in Sources */ = {isa = PBXBuildFile; fileRef = 23F4042E2112771B00D1623D /* main.c */; };
		23F404352113308B00D1623D /* convert.c in Sources */ = {isa = PBXBuildFile; fileRef = 23F404342113308B00D1623D /* convert.c */; };
		23F404362113547200D1623D /* elf.c in Sources */ = {isa = PBXBuildFile; fileRef = 23EEDEC920FD26DD00E279D6 /* elf.c */; };
/* End PBXBuildFile section */

/* Begin PBXCopyFilesBuildPhase section */
		23EEDEBC20FD1B5900E279D6 /* CopyFiles */ = {
			isa = PBXCopyFilesBuildPhase;
			buildActionMask = 2147483647;
			dstPath = /usr/share/man/man1/;
			dstSubfolderSpec = 0;
			files = (
			);
			runOnlyForDeploymentPostprocessing = 1;
		};
		23F4042A2112771A00D1623D /* CopyFiles */ = {
			isa = PBXCopyFilesBuildPhase;
			buildActionMask = 2147483647;
			dstPath = /usr/share/man/man1/;
			dstSubfolderSpec = 0;
			files = (
			);
			runOnlyForDeploymentPostprocessing = 1;
		};
/* End PBXCopyFilesBuildPhase section */

/* Begin PBXFileReference section */
		23EEDEBE20FD1B5900E279D6 /* elf_reader */ = {isa = PBXFileReference; explicitFileType = "compiled.mach-o.executable"; includeInIndex = 0; path = elf_reader; sourceTree = BUILT_PRODUCTS_DIR; };
		23EEDEC120FD1B5900E279D6 /* main.c */ = {isa = PBXFileReference; lastKnownFileType = sourcecode.c.c; path = main.c; sourceTree = "<group>"; };
		23EEDEC820FD1B9200E279D6 /* elf.h */ = {isa = PBXFileReference; fileEncoding = 4; lastKnownFileType = sourcecode.c.h; path = elf.h; sourceTree = "<group>"; };
		23EEDEC920FD26DD00E279D6 /* elf.c */ = {isa = PBXFileReference; fileEncoding = 4; lastKnownFileType = sourcecode.c.c; path = elf.c; sourceTree = "<group>"; };
		23F4042C2112771A00D1623D /* convert */ = {isa = PBXFileReference; explicitFileType = "compiled.mach-o.executable"; includeInIndex = 0; path = convert; sourceTree = BUILT_PRODUCTS_DIR; };
		23F4042E2112771B00D1623D /* main.c */ = {isa = PBXFileReference; lastKnownFileType = sourcecode.c.c; path = main.c; sourceTree = "<group>"; };
		23F404332113308B00D1623D /* convert.h */ = {isa = PBXFileReference; lastKnownFileType = sourcecode.c.h; path = convert.h; sourceTree = "<group>"; };
		23F404342113308B00D1623D /* convert.c */ = {isa = PBXFileReference; lastKnownFileType = sourcecode.c.c; path = convert.c; sourceTree = "<group>"; };
/* End PBXFileReference section */

/* Begin PBXFrameworksBuildPhase section */
		23EEDEBB20FD1B5900E279D6 /* Frameworks */ = {
			isa = PBXFrameworksBuildPhase;
			buildActionMask = 2147483647;
			files = (
			);
			runOnlyForDeploymentPostprocessing = 0;
		};
		23F404292112771A00D1623D /* Frameworks */ = {
			isa = PBXFrameworksBuildPhase;
			buildActionMask = 2147483647;
			files = (
			);
			runOnlyForDeploymentPostprocessing = 0;
		};
/* End PBXFrameworksBuildPhase section */

/* Begin PBXGroup section */
		23EEDEB520FD1B5900E279D6 = {
			isa = PBXGroup;
			children = (
				23EEDEC020FD1B5900E279D6 /* elf_reader */,
				23F4042D2112771A00D1623D /* convert */,
				23EEDEBF20FD1B5900E279D6 /* Products */,
			);
			sourceTree = "<group>";
		};
		23EEDEBF20FD1B5900E279D6 /* Products */ = {
			isa = PBXGroup;
			children = (
				23EEDEBE20FD1B5900E279D6 /* elf_reader */,
				23F4042C2112771A00D1623D /* convert */,
			);
			name = Products;
			sourceTree = "<group>";
		};
		23EEDEC020FD1B5900E279D6 /* elf_reader */ = {
			isa = PBXGroup;
			children = (
				23EEDEC920FD26DD00E279D6 /* elf.c */,
				23EEDEC820FD1B9200E279D6 /* elf.h */,
				23EEDEC120FD1B5900E279D6 /* main.c */,
			);
			path = elf_reader;
			sourceTree = "<group>";
		};
		23F4042D2112771A00D1623D /* convert */ = {
			isa = PBXGroup;
			children = (
				23F4042E2112771B00D1623D /* main.c */,
				23F404332113308B00D1623D /* convert.h */,
				23F404342113308B00D1623D /* convert.c */,
			);
			path = convert;
			sourceTree = "<group>";
		};
/* End PBXGroup section */

/* Begin PBXNativeTarget section */
		23EEDEBD20FD1B5900E279D6 /* elf_reader */ = {
			isa = PBXNativeTarget;
			buildConfigurationList = 23EEDEC520FD1B5900E279D6 /* Build configuration list for PBXNativeTarget "elf_reader" */;
			buildPhases = (
				23EEDEBA20FD1B5900E279D6 /* Sources */,
				23EEDEBB20FD1B5900E279D6 /* Frameworks */,
				23EEDEBC20FD1B5900E279D6 /* CopyFiles */,
			);
			buildRules = (
			);
			dependencies = (
			);
			name = elf_reader;
			productName = elf_reader;
			productReference = 23EEDEBE20FD1B5900E279D6 /* elf_reader */;
			productType = "com.apple.product-type.tool";
		};
		23F4042B2112771A00D1623D /* convert */ = {
			isa = PBXNativeTarget;
			buildConfigurationList = 23F404322112771B00D1623D /* Build configuration list for PBXNativeTarget "convert" */;
			buildPhases = (
				23F404282112771A00D1623D /* Sources */,
				23F404292112771A00D1623D /* Frameworks */,
				23F4042A2112771A00D1623D /* CopyFiles */,
			);
			buildRules = (
			);
			dependencies = (
			);
			name = convert;
			productName = convert;
			productReference = 23F4042C2112771A00D1623D /* convert */;
			productType = "com.apple.product-type.tool";
		};
/* End PBXNativeTarget section */

/* Begin PBXProject section */
		23EEDEB620FD1B5900E279D6 /* Project object */ = {
			isa = PBXProject;
			attributes = {
				LastUpgradeCheck = 0940;
				ORGANIZATIONNAME = "Zhirui Dai";
				TargetAttributes = {
					23EEDEBD20FD1B5900E279D6 = {
						CreatedOnToolsVersion = 9.4.1;
					};
					23F4042B2112771A00D1623D = {
						CreatedOnToolsVersion = 9.4.1;
					};
				};
			};
			buildConfigurationList = 23EEDEB920FD1B5900E279D6 /* Build configuration list for PBXProject "elf_reader" */;
			compatibilityVersion = "Xcode 9.3";
			developmentRegion = en;
			hasScannedForEncodings = 0;
			knownRegions = (
				en,
			);
			mainGroup = 23EEDEB520FD1B5900E279D6;
			productRefGroup = 23EEDEBF20FD1B5900E279D6 /* Products */;
			projectDirPath = "";
			projectRoot = "";
			targets = (
				23EEDEBD20FD1B5900E279D6 /* elf_reader */,
				23F4042B2112771A00D1623D /* convert */,
			);
		};
/* End PBXProject section */

/* Begin PBXSourcesBuildPhase section */
		23EEDEBA20FD1B5900E279D6 /* Sources */ = {
			isa = PBXSourcesBuildPhase;
			buildActionMask = 2147483647;
			files = (
				23EEDEC220FD1B5900E279D6 /* main.c in Sources */,
				23EEDECA20FD26DD00E279D6 /* elf.c in Sources */,
			);
			runOnlyForDeploymentPostprocessing = 0;
		};
		23F404282112771A00D1623D /* Sources */ = {
			isa = PBXSourcesBuildPhase;
			buildActionMask = 2147483647;
			files = (
				23F404362113547200D1623D /* elf.c in Sources */,
				23F4042F2112771B00D1623D /* main.c in Sources */,
				23F404352113308B00D1623D /* convert.c in Sources */,
			);
			runOnlyForDeploymentPostprocessing = 0;
		};
/* End PBXSourcesBuildPhase section */

/* Begin XCBuildConfiguration section */
		23EEDEC320FD1B5900E279D6 /* Debug */ = {
			isa = XCBuildConfiguration;
			buildSettings = {
				ALWAYS_SEARCH_USER_PATHS = NO;
				CLANG_ANALYZER_NONNULL = YES;
				CLANG_ANALYZER_NUMBER_OBJECT_CONVERSION = YES_AGGRESSIVE;
				CLANG_CXX_LANGUAGE_STANDARD = "gnu++14";
				CLANG_CXX_LIBRARY = "libc++";
				CLANG_ENABLE_MODULES = YES;
				CLANG_ENABLE_OBJC_ARC = YES;
				CLANG_ENABLE_OBJC_WEAK = YES;
				CLANG_WARN_BLOCK_CAPTURE_AUTORELEASING = YES;
				CLANG_WARN_BOOL_CONVERSION = YES;
				CLANG_WARN_COMMA = YES;
				CLANG_WARN_CONSTANT_CONVERSION = YES;
				CLANG_WARN_DEPRECATED_OBJC_IMPLEMENTATIONS = YES;
				CLANG_WARN_DIRECT_OBJC_ISA_USAGE = YES_ERROR;
				CLANG_WARN_DOCUMENTATION_COMMENTS = YES;
				CLANG_WARN_EMPTY_BODY = YES;
				CLANG_WARN_ENUM_CONVERSION = YES;
				CLANG_WARN_INFINITE_RECURSION = YES;
				CLANG_WARN_INT_CONVERSION = YES;
				CLANG_WARN_NON_LITERAL_NULL_CONVERSION = YES;
				CLANG_WARN_OBJC_IMPLICIT_RETAIN_SELF = YES;
				CLANG_WARN_OBJC_LITERAL_CONVERSION = YES;
				CLANG_WARN_OBJC_ROOT_CLASS = YES_ERROR;
				CLANG_WARN_RANGE_LOOP_ANALYSIS = YES;
				CLANG_WARN_STRICT_PROTOTYPES = YES;
				CLANG_WARN_SUSPICIOUS_MOVE = YES;
				CLANG_WARN_UNGUARDED_AVAILABILITY = YES_AGGRESSIVE;
				CLANG_WARN_UNREACHABLE_CODE = YES;
				CLANG_WARN__DUPLICATE_METHOD_MATCH = YES;
				CODE_SIGN_IDENTITY = "Mac Developer";
				COPY_PHASE_STRIP = NO;
				DEBUG_INFORMATION_FORMAT = dwarf;
				ENABLE_STRICT_OBJC_MSGSEND = YES;
				ENABLE_TESTABILITY = YES;
				GCC_C_LANGUAGE_STANDARD = gnu11;
				GCC_DYNAMIC_NO_PIC = NO;
				GCC_NO_COMMON_BLOCKS = YES;
				GCC_OPTIMIZATION_LEVEL = 0;
				GCC_PREPROCESSOR_DEFINITIONS = (
					"DEBUG=1",
					"$(inherited)",
				);
				GCC_WARN_64_TO_32_BIT_CONVERSION = YES;
				GCC_WARN_ABOUT_RETURN_TYPE = YES_ERROR;
				GCC_WARN_UNDECLARED_SELECTOR = YES;
				GCC_WARN_UNINITIALIZED_AUTOS = YES_AGGRESSIVE;
				GCC_WARN_UNUSED_FUNCTION = YES;
				GCC_WARN_UNUSED_VARIABLE = YES;
				MACOSX_DEPLOYMENT_TARGET = 10.13;
				MTL_ENABLE_DEBUG_INFO = YES;
				ONLY_ACTIVE_ARCH = YES;
				SDKROOT = macosx;
			};
			name = Debug;
		};
		23EEDEC420FD1B5900E279D6 /* Release */ = {
			isa = XCBuildConfiguration;
			buildSettings = {
				ALWAYS_SEARCH_USER_PATHS = NO;
				CLANG_ANALYZER_NONNULL = YES;
				CLANG_ANALYZER_NUMBER_OBJECT_CONVERSION = YES_AGGRESSIVE;
				CLANG_CXX_LANGUAGE_STANDARD = "gnu++14";
				CLANG_CXX_LIBRARY = "libc++";
				CLANG_ENABLE_MODULES = YES;
				CLANG_ENABLE_OBJC_ARC = YES;
				CLANG_ENABLE_OBJC_WEAK = YES;
				CLANG_WARN_BLOCK_CAPTURE_AUTORELEASING = YES;
				CLANG_WARN_BOOL_CONVERSION = YES;
				CLANG_WARN_COMMA = YES;
				CLANG_WARN_CONSTANT_CONVERSION = YES;
				CLANG_WARN_DEPRECATED_OBJC_IMPLEMENTATIONS = YES;
				CLANG_WARN_DIRECT_OBJC_ISA_USAGE = YES_ERROR;
				CLANG_WARN_DOCUMENTATION_COMMENTS = YES;
				CLANG_WARN_EMPTY_BODY = YES;
				CLANG_WARN_ENUM_CONVERSION = YES;
				CLANG_WARN_INFINITE_RECURSION = YES;
				CLANG_WARN_INT_CONVERSION = YES;
				CLANG_WARN_NON_LITERAL_NULL_CONVERSION = YES;
				CLANG_WARN_OBJC_IMPLICIT_RETAIN_SELF = YES;
				CLANG_WARN_OBJC_LITERAL_CONVERSION = YES;
				CLANG_WARN_OBJC_ROOT_CLASS = YES_ERROR;
				CLANG_WARN_RANGE_LOOP_ANALYSIS = YES;
				CLANG_WARN_STRICT_PROTOTYPES = YES;
				CLANG_WARN_SUSPICIOUS_MOVE = YES;
				CLANG_WARN_UNGUARDED_AVAILABILITY = YES_AGGRESSIVE;
				CLANG_WARN_UNREACHABLE_CODE = YES;
				CLANG_WARN__DUPLICATE_METHOD_MATCH = YES;
				CODE_SIGN_IDENTITY = "Mac Developer";
				COPY_PHASE_STRIP = NO;
				DEBUG_INFORMATION_FORMAT = "dwarf-with-dsym";
				ENABLE_NS_ASSERTIONS = NO;
				ENABLE_STRICT_OBJC_MSGSEND = YES;
				GCC_C_LANGUAGE_STANDARD = gnu11;
				GCC_NO_COMMON_BLOCKS = YES;
				GCC_WARN_64_TO_32_BIT_CONVERSION = YES;
				GCC_WARN_ABOUT_RETURN_TYPE = YES_ERROR;
				GCC_WARN_UNDECLARED_SELECTOR = YES;
				GCC_WARN_UNINITIALIZED_AUTOS = YES_AGGRESSIVE;
				GCC_WARN_UNUSED_FUNCTION = YES;
				GCC_WARN_UNUSED_VARIABLE = YES;
				MACOSX_DEPLOYMENT_TARGET = 10.13;
				MTL_ENABLE_DEBUG_INFO = NO;
				SDKROOT = macosx;
			};
			name = Release;
		};
		23EEDEC620FD1B5900E279D6 /* Debug */ = {
			isa = XCBuildConfiguration;
			buildSettings = {
				CODE_SIGN_STYLE = Automatic;
				DEVELOPMENT_TEAM = 79DD7SDR2J;
				PRODUCT_NAME = "$(TARGET_NAME)";
			};
			name = Debug;
		};
		23EEDEC720FD1B5900E279D6 /* Release */ = {
			isa = XCBuildConfiguration;
			buildSettings = {
				CODE_SIGN_STYLE = Automatic;
				DEVELOPMENT_TEAM = 79DD7SDR2J;
				PRODUCT_NAME = "$(TARGET_NAME)";
			};
			name = Release;
		};
		23F404302112771B00D1623D /* Debug */ = {
			isa = XCBuildConfiguration;
			buildSettings = {
				CODE_SIGN_STYLE = Automatic;
				DEVELOPMENT_TEAM = 79DD7SDR2J;
				PRODUCT_NAME = "$(TARGET_NAME)";
			};
			name = Debug;
		};
		23F404312112771B00D1623D /* Release */ = {
			isa = XCBuildConfiguration;
			buildSettings = {
				CODE_SIGN_STYLE = Automatic;
				DEVELOPMENT_TEAM = 79DD7SDR2J;
				PRODUCT_NAME = "$(TARGET_NAME)";
			};
			name = Release;
		};
/* End XCBuildConfiguration section */

/* Begin XCConfigurationList section */
		23EEDEB920FD1B5900E279D6 /* Build configuration list for PBXProject "elf_reader" */ = {
			isa = XCConfigurationList;
			buildConfigurations = (
				23EEDEC320FD1B5900E279D6 /* Debug */,
				23EEDEC420FD1B5900E279D6 /* Release */,
			);
			defaultConfigurationIsVisible = 0;
			defaultConfigurationName = Release;
		};
		23EEDEC520FD1B5900E279D6 /* Build configuration list for PBXNativeTarget "elf_reader" */ = {
			isa = XCConfigurationList;
			buildConfigurations = (
				23EEDEC620FD1B5900E279D6 /* Debug */,
				23EEDEC720FD1B5900E279D6 /* Release */,
			);
			defaultConfigurationIsVisible = 0;
			defaultConfigurationName = Release;
		};
		23F404322112771B00D1623D /* Build configuration list for PBXNativeTarget "convert" */ = {
			isa = XCConfigurationList;
			buildConfigurations = (
				23F404302112771B00D1623D /* Debug */,
				23F404312112771B00D1623D /* Release */,
			);
			defaultConfigurationIsVisible = 0;
			defaultConfigurationName = Release;
		};
/* End XCConfigurationList section */
	};
	rootObject = 23EEDEB620FD1B5900E279D6 /* Project object */;
}
